
Microsoft Visual Studio Solution File, Format Version 12.00
# Visual Studio Version 17
VisualStudioVersion = 17.5.002.0
MinimumVisualStudioVersion = 10.0.40219.1
Project("{9A19103F-16F7-4668-BE54-9A1E7A4F7556}") = "SoftDeleteApi", "SoftDeleteApi.csproj", "{FBE15C52-4A91-4C3E-89C6-FF2194221645}"
EndProject
Global
	GlobalSection(SolutionConfigurationPlatforms) = preSolution
		Debug|Any CPU = Debug|Any CPU
		Release|Any CPU = Release|Any CPU
	EndGlobalSection
	GlobalSection(ProjectConfigurationPlatforms) = postSolution
		{FBE15C52-4A91-4C3E-89C6-FF2194221645}.Debug|Any CPU.ActiveCfg = Debug|Any CPU
		{FBE15C52-4A91-4C3E-89C6-FF2194221645}.Debug|Any CPU.Build.0 = Debug|Any CPU
		{FBE15C52-4A91-4C3E-89C6-FF2194221645}.Release|Any CPU.ActiveCfg = Release|Any CPU
		{FBE15C52-4A91-4C3E-89C6-FF2194221645}.Release|Any CPU.Build.0 = Release|Any CPU
	EndGlobalSection
	GlobalSection(SolutionProperties) = preSolution
		HideSolutionNode = FALSE
	EndGlobalSection
	GlobalSection(ExtensibilityGlobals) = postSolution
		SolutionGuid = {95C709DB-FCC8-4D8E-90F0-157B2B01BF64}
	EndGlobalSection
EndGlobal
